
Microsoft Visual Studio Solution File, Format Version 12.00
# Visual Studio Version 17
VisualStudioVersion = 17.13.35825.156 d17.13
MinimumVisualStudioVersion = 10.0.40219.1
Project("{8BC9CEB8-8B4A-11D0-8D11-00A0C91BC942}") = "Seminar 8", "Seminar 8.vcxproj", "{B489537C-F644-4247-96AD-35E80FEFACBA}"
EndProject
Global
	GlobalSection(SolutionConfigurationPlatforms) = preSolution
		Debug|x64 = Debug|x64
		Debug|x86 = Debug|x86
		Release|x64 = Release|x64
		Release|x86 = Release|x86
	EndGlobalSection
	GlobalSection(ProjectConfigurationPlatforms) = postSolution
		{B489537C-F644-4247-96AD-35E80FEFACBA}.Debug|x64.ActiveCfg = Debug|x64
		{B489537C-F644-4247-96AD-35E80FEFACBA}.Debug|x64.Build.0 = Debug|x64
		{B489537C-F644-4247-96AD-35E80FEFACBA}.Debug|x86.ActiveCfg = Debug|Win32
		{B489537C-F644-4247-96AD-35E80FEFACBA}.Debug|x86.Build.0 = Debug|Win32
		{B489537C-F644-4247-96AD-35E80FEFACBA}.Release|x64.ActiveCfg = Release|x64
		{B489537C-F644-4247-96AD-35E80FEFACBA}.Release|x64.Build.0 = Release|x64
		{B489537C-F644-4247-96AD-35E80FEFACBA}.Release|x86.ActiveCfg = Release|Win32
		{B489537C-F644-4247-96AD-35E80FEFACBA}.Release|x86.Build.0 = Release|Win32
	EndGlobalSection
	GlobalSection(SolutionProperties) = preSolution
		HideSolutionNode = FALSE
	EndGlobalSection
	GlobalSection(ExtensibilityGlobals) = postSolution
		SolutionGuid = {4CBFB703-A598-40DD-B057-3057C2EAA502}
	EndGlobalSection
EndGlobal
