
Microsoft Visual Studio Solution File, Format Version 12.00
# Visual Studio Version 17
VisualStudioVersion = 17.13.35825.156 d17.13
MinimumVisualStudioVersion = 10.0.40219.1
Project("{8BC9CEB8-8B4A-11D0-8D11-00A0C91BC942}") = "seminar 10", "seminar 10.vcxproj", "{CD0B0DD6-8365-4D8A-BB74-E6599009FA5B}"
EndProject
Global
	GlobalSection(SolutionConfigurationPlatforms) = preSolution
		Debug|x64 = Debug|x64
		Debug|x86 = Debug|x86
		Release|x64 = Release|x64
		Release|x86 = Release|x86
	EndGlobalSection
	GlobalSection(ProjectConfigurationPlatforms) = postSolution
		{CD0B0DD6-8365-4D8A-BB74-E6599009FA5B}.Debug|x64.ActiveCfg = Debug|x64
		{CD0B0DD6-8365-4D8A-BB74-E6599009FA5B}.Debug|x64.Build.0 = Debug|x64
		{CD0B0DD6-8365-4D8A-BB74-E6599009FA5B}.Debug|x86.ActiveCfg = Debug|Win32
		{CD0B0DD6-8365-4D8A-BB74-E6599009FA5B}.Debug|x86.Build.0 = Debug|Win32
		{CD0B0DD6-8365-4D8A-BB74-E6599009FA5B}.Release|x64.ActiveCfg = Release|x64
		{CD0B0DD6-8365-4D8A-BB74-E6599009FA5B}.Release|x64.Build.0 = Release|x64
		{CD0B0DD6-8365-4D8A-BB74-E6599009FA5B}.Release|x86.ActiveCfg = Release|Win32
		{CD0B0DD6-8365-4D8A-BB74-E6599009FA5B}.Release|x86.Build.0 = Release|Win32
	EndGlobalSection
	GlobalSection(SolutionProperties) = preSolution
		HideSolutionNode = FALSE
	EndGlobalSection
	GlobalSection(ExtensibilityGlobals) = postSolution
		SolutionGuid = {8206BFB5-017E-4B1A-BC57-315A9B8134A6}
	EndGlobalSection
EndGlobal
